
Microsoft Visual Studio Solution File, Format Version 12.00
# Visual Studio Version 17
VisualStudioVersion = 17.8.34309.116
MinimumVisualStudioVersion = 10.0.40219.1
Project("{9A19103F-16F7-4668-BE54-9A1E7A4F7556}") = "WebUtlLib", "..\WebUtlLib\WebUtlLib.csproj", "{08C97E1E-0D23-4C55-9D2C-4665A8D2607F}"
EndProject
Project("{9A19103F-16F7-4668-BE54-9A1E7A4F7556}") = "Q_DoApi", "..\Q_DoApi\Q_DoApi.csproj", "{D22545BC-E594-4963-88D1-A65AD5DDA9F6}"
EndProject
Project("{FAE04EC0-301F-11D3-BF4B-00C04F79EFBC}") = "FunctionApp1", "..\FunctionApp1\FunctionApp1.csproj", "{1E2F98C1-2BC0-4F41-8F7B-A26863E74A31}"
EndProject
Global
	GlobalSection(SolutionConfigurationPlatforms) = preSolution
		Debug|Any CPU = Debug|Any CPU
		Release|Any CPU = Release|Any CPU
	EndGlobalSection
	GlobalSection(ProjectConfigurationPlatforms) = postSolution
		{08C97E1E-0D23-4C55-9D2C-4665A8D2607F}.Debug|Any CPU.ActiveCfg = Debug|Any CPU
		{08C97E1E-0D23-4C55-9D2C-4665A8D2607F}.Debug|Any CPU.Build.0 = Debug|Any CPU
		{08C97E1E-0D23-4C55-9D2C-4665A8D2607F}.Release|Any CPU.ActiveCfg = Release|Any CPU
		{08C97E1E-0D23-4C55-9D2C-4665A8D2607F}.Release|Any CPU.Build.0 = Release|Any CPU
		{D22545BC-E594-4963-88D1-A65AD5DDA9F6}.Debug|Any CPU.ActiveCfg = Debug|Any CPU
		{D22545BC-E594-4963-88D1-A65AD5DDA9F6}.Debug|Any CPU.Build.0 = Debug|Any CPU
		{D22545BC-E594-4963-88D1-A65AD5DDA9F6}.Release|Any CPU.ActiveCfg = Release|Any CPU
		{D22545BC-E594-4963-88D1-A65AD5DDA9F6}.Release|Any CPU.Build.0 = Release|Any CPU
		{1E2F98C1-2BC0-4F41-8F7B-A26863E74A31}.Debug|Any CPU.ActiveCfg = Debug|Any CPU
		{1E2F98C1-2BC0-4F41-8F7B-A26863E74A31}.Debug|Any CPU.Build.0 = Debug|Any CPU
		{1E2F98C1-2BC0-4F41-8F7B-A26863E74A31}.Release|Any CPU.ActiveCfg = Release|Any CPU
		{1E2F98C1-2BC0-4F41-8F7B-A26863E74A31}.Release|Any CPU.Build.0 = Release|Any CPU
	EndGlobalSection
	GlobalSection(SolutionProperties) = preSolution
		HideSolutionNode = FALSE
	EndGlobalSection
	GlobalSection(ExtensibilityGlobals) = postSolution
		SolutionGuid = {E69537DD-0349-4EC5-A43B-9699A5FCC374}
	EndGlobalSection
EndGlobal
