
Microsoft Visual Studio Solution File, Format Version 12.00
# Visual Studio Version 17
VisualStudioVersion = 17.5.33424.131
MinimumVisualStudioVersion = 10.0.40219.1
Project("{9A19103F-16F7-4668-BE54-9A1E7A4F7556}") = "OrderDbLib", "..\OrderDbLib\OrderDbLib.csproj", "{0E4F1558-F59F-4484-8806-EDF54415DCD1}"
EndProject
Project("{9A19103F-16F7-4668-BE54-9A1E7A4F7556}") = "EFConsole", "..\EFConsole\EFConsole.csproj", "{1DE36156-C223-485F-84BC-DA0231109168}"
EndProject
Project("{9A19103F-16F7-4668-BE54-9A1E7A4F7556}") = "OrderHelperLib", "..\..\Q_PR_C\ParcelRider\Assets\3rd\OrderHelperLib~\OrderHelperLib.csproj", "{48AE6634-6C18-4F67-9FF8-95039A079BAC}"
EndProject
Project("{9A19103F-16F7-4668-BE54-9A1E7A4F7556}") = "Q_DoApi", "Q_DoApi.csproj", "{7A428F4C-8D64-45CF-8CC3-B684AF50ED68}"
EndProject
Global
	GlobalSection(SolutionConfigurationPlatforms) = preSolution
		Debug|Any CPU = Debug|Any CPU
		Release|Any CPU = Release|Any CPU
	EndGlobalSection
	GlobalSection(ProjectConfigurationPlatforms) = postSolution
		{0E4F1558-F59F-4484-8806-EDF54415DCD1}.Debug|Any CPU.ActiveCfg = Debug|Any CPU
		{0E4F1558-F59F-4484-8806-EDF54415DCD1}.Debug|Any CPU.Build.0 = Debug|Any CPU
		{0E4F1558-F59F-4484-8806-EDF54415DCD1}.Release|Any CPU.ActiveCfg = Release|Any CPU
		{0E4F1558-F59F-4484-8806-EDF54415DCD1}.Release|Any CPU.Build.0 = Release|Any CPU
		{1DE36156-C223-485F-84BC-DA0231109168}.Debug|Any CPU.ActiveCfg = Debug|Any CPU
		{1DE36156-C223-485F-84BC-DA0231109168}.Debug|Any CPU.Build.0 = Debug|Any CPU
		{1DE36156-C223-485F-84BC-DA0231109168}.Release|Any CPU.ActiveCfg = Release|Any CPU
		{1DE36156-C223-485F-84BC-DA0231109168}.Release|Any CPU.Build.0 = Release|Any CPU
		{48AE6634-6C18-4F67-9FF8-95039A079BAC}.Debug|Any CPU.ActiveCfg = Debug|Any CPU
		{48AE6634-6C18-4F67-9FF8-95039A079BAC}.Debug|Any CPU.Build.0 = Debug|Any CPU
		{48AE6634-6C18-4F67-9FF8-95039A079BAC}.Release|Any CPU.ActiveCfg = Release|Any CPU
		{48AE6634-6C18-4F67-9FF8-95039A079BAC}.Release|Any CPU.Build.0 = Release|Any CPU
		{7A428F4C-8D64-45CF-8CC3-B684AF50ED68}.Debug|Any CPU.ActiveCfg = Debug|Any CPU
		{7A428F4C-8D64-45CF-8CC3-B684AF50ED68}.Debug|Any CPU.Build.0 = Debug|Any CPU
		{7A428F4C-8D64-45CF-8CC3-B684AF50ED68}.Release|Any CPU.ActiveCfg = Release|Any CPU
		{7A428F4C-8D64-45CF-8CC3-B684AF50ED68}.Release|Any CPU.Build.0 = Release|Any CPU
	EndGlobalSection
	GlobalSection(SolutionProperties) = preSolution
		HideSolutionNode = FALSE
	EndGlobalSection
	GlobalSection(ExtensibilityGlobals) = postSolution
		SolutionGuid = {942261B3-E810-4F4D-B538-EEE1775BDE12}
	EndGlobalSection
EndGlobal
